
Microsoft Visual Studio Solution File, Format Version 12.00
# Visual Studio Version 16
VisualStudioVersion = 16.0.30717.126
MinimumVisualStudioVersion = 10.0.40219.1
Project("{FAE04EC0-301F-11D3-BF4B-00C04F79EFBC}") = "GetMRFromGitLab", "GetMRFromGitLab\GetMRFromGitLab.csproj", "{472E0140-B893-4A3D-A423-AC24E3D0277A}"
EndProject
Project("{FAE04EC0-301F-11D3-BF4B-00C04F79EFBC}") = "GITLab.AP.Adapter", "GITLab.AP.Adapter\GITLab.AP.Adapter.csproj", "{B8F2011E-2AAE-475A-9483-F5B438176CF3}"
EndProject
Project("{FAE04EC0-301F-11D3-BF4B-00C04F79EFBC}") = "MMS.ReleaseCreator", "MMS.ReleaseCreator\MMS.ReleaseCreator.csproj", "{84A6AA38-EB09-4A4E-9A47-34D9D1C0A905}"
EndProject
Global
	GlobalSection(SolutionConfigurationPlatforms) = preSolution
		Debug|Any CPU = Debug|Any CPU
		Release|Any CPU = Release|Any CPU
	EndGlobalSection
	GlobalSection(ProjectConfigurationPlatforms) = postSolution
		{472E0140-B893-4A3D-A423-AC24E3D0277A}.Debug|Any CPU.ActiveCfg = Debug|Any CPU
		{472E0140-B893-4A3D-A423-AC24E3D0277A}.Debug|Any CPU.Build.0 = Debug|Any CPU
		{472E0140-B893-4A3D-A423-AC24E3D0277A}.Release|Any CPU.ActiveCfg = Release|Any CPU
		{472E0140-B893-4A3D-A423-AC24E3D0277A}.Release|Any CPU.Build.0 = Release|Any CPU
		{B8F2011E-2AAE-475A-9483-F5B438176CF3}.Debug|Any CPU.ActiveCfg = Debug|Any CPU
		{B8F2011E-2AAE-475A-9483-F5B438176CF3}.Debug|Any CPU.Build.0 = Debug|Any CPU
		{B8F2011E-2AAE-475A-9483-F5B438176CF3}.Release|Any CPU.ActiveCfg = Release|Any CPU
		{B8F2011E-2AAE-475A-9483-F5B438176CF3}.Release|Any CPU.Build.0 = Release|Any CPU
		{84A6AA38-EB09-4A4E-9A47-34D9D1C0A905}.Debug|Any CPU.ActiveCfg = Debug|Any CPU
		{84A6AA38-EB09-4A4E-9A47-34D9D1C0A905}.Debug|Any CPU.Build.0 = Debug|Any CPU
		{84A6AA38-EB09-4A4E-9A47-34D9D1C0A905}.Release|Any CPU.ActiveCfg = Release|Any CPU
		{84A6AA38-EB09-4A4E-9A47-34D9D1C0A905}.Release|Any CPU.Build.0 = Release|Any CPU
	EndGlobalSection
	GlobalSection(SolutionProperties) = preSolution
		HideSolutionNode = FALSE
	EndGlobalSection
	GlobalSection(ExtensibilityGlobals) = postSolution
		SolutionGuid = {E0131B85-F134-4FD2-870E-B36BD7901322}
	EndGlobalSection
EndGlobal
